
Microsoft Visual Studio Solution File, Format Version 12.00
# Visual Studio 15
VisualStudioVersion = 15.0.28010.2016
MinimumVisualStudioVersion = 10.0.40219.1
Project("{FAE04EC0-301F-11D3-BF4B-00C04F79EFBC}") = "testApi", "testApi\testApi.csproj", "{6F2DDCA2-69FA-4C6A-AD79-CF3891F084A7}"
EndProject
Global
	GlobalSection(SolutionConfigurationPlatforms) = preSolution
		Debug|Any CPU = Debug|Any CPU
		Release|Any CPU = Release|Any CPU
	EndGlobalSection
	GlobalSection(ProjectConfigurationPlatforms) = postSolution
		{6F2DDCA2-69FA-4C6A-AD79-CF3891F084A7}.Debug|Any CPU.ActiveCfg = Debug|Any CPU
		{6F2DDCA2-69FA-4C6A-AD79-CF3891F084A7}.Debug|Any CPU.Build.0 = Debug|Any CPU
		{6F2DDCA2-69FA-4C6A-AD79-CF3891F084A7}.Release|Any CPU.ActiveCfg = Release|Any CPU
		{6F2DDCA2-69FA-4C6A-AD79-CF3891F084A7}.Release|Any CPU.Build.0 = Release|Any CPU
	EndGlobalSection
	GlobalSection(SolutionProperties) = preSolution
		HideSolutionNode = FALSE
	EndGlobalSection
	GlobalSection(ExtensibilityGlobals) = postSolution
		SolutionGuid = {B6E81F88-C75B-4326-87E4-708C91AD47ED}
	EndGlobalSection
EndGlobal
